
Microsoft Visual Studio Solution File, Format Version 12.00
# Visual Studio Version 17
VisualStudioVersion = 17.11.35312.102
MinimumVisualStudioVersion = 10.0.40219.1
Project("{FAE04EC0-301F-11D3-BF4B-00C04F79EFBC}") = "01_MainSubjects", "01_MainSubjects\01_MainSubjects.csproj", "{830941FF-FB5F-414F-97F3-0E22251C2B5B}"
EndProject
Project("{FAE04EC0-301F-11D3-BF4B-00C04F79EFBC}") = "02_Variables", "02_Variables\02_Variables.csproj", "{33D030DC-F316-4470-8A6C-9EA6FDCC9F6E}"
EndProject
Project("{FAE04EC0-301F-11D3-BF4B-00C04F79EFBC}") = "03_MakingDecision", "03_MakingDecision\03_MakingDecision.csproj", "{91E562CC-306E-4342-81F6-A1DF6107DFA1}"
EndProject
Global
	GlobalSection(SolutionConfigurationPlatforms) = preSolution
		Debug|Any CPU = Debug|Any CPU
		Release|Any CPU = Release|Any CPU
	EndGlobalSection
	GlobalSection(ProjectConfigurationPlatforms) = postSolution
		{830941FF-FB5F-414F-97F3-0E22251C2B5B}.Debug|Any CPU.ActiveCfg = Debug|Any CPU
		{830941FF-FB5F-414F-97F3-0E22251C2B5B}.Debug|Any CPU.Build.0 = Debug|Any CPU
		{830941FF-FB5F-414F-97F3-0E22251C2B5B}.Release|Any CPU.ActiveCfg = Release|Any CPU
		{830941FF-FB5F-414F-97F3-0E22251C2B5B}.Release|Any CPU.Build.0 = Release|Any CPU
		{33D030DC-F316-4470-8A6C-9EA6FDCC9F6E}.Debug|Any CPU.ActiveCfg = Debug|Any CPU
		{33D030DC-F316-4470-8A6C-9EA6FDCC9F6E}.Debug|Any CPU.Build.0 = Debug|Any CPU
		{33D030DC-F316-4470-8A6C-9EA6FDCC9F6E}.Release|Any CPU.ActiveCfg = Release|Any CPU
		{33D030DC-F316-4470-8A6C-9EA6FDCC9F6E}.Release|Any CPU.Build.0 = Release|Any CPU
		{91E562CC-306E-4342-81F6-A1DF6107DFA1}.Debug|Any CPU.ActiveCfg = Debug|Any CPU
		{91E562CC-306E-4342-81F6-A1DF6107DFA1}.Debug|Any CPU.Build.0 = Debug|Any CPU
		{91E562CC-306E-4342-81F6-A1DF6107DFA1}.Release|Any CPU.ActiveCfg = Release|Any CPU
		{91E562CC-306E-4342-81F6-A1DF6107DFA1}.Release|Any CPU.Build.0 = Release|Any CPU
	EndGlobalSection
	GlobalSection(SolutionProperties) = preSolution
		HideSolutionNode = FALSE
	EndGlobalSection
	GlobalSection(ExtensibilityGlobals) = postSolution
		SolutionGuid = {BBFED3A9-DD30-4E16-9BB6-EBEE723C2B3E}
	EndGlobalSection
EndGlobal
